// !$*UTF8*$!
{
	archiveVersion = 1;
	classes = {
	};
	objectVersion = 51;
	objects = {

/* Begin PBXBuildFile section */
		13508CF05FD27F73CA35CE9E /* Pods_projectTwo.framework in Frameworks */ = {isa = PBXBuildFile; fileRef = 093C271111B5F8AF90FC245F /* Pods_projectTwo.framework */; };
		83E2DED447F2B6574BA4FBC5 /* Pods_projectTwo_projectTwoUITests.framework in Frameworks */ = {isa = PBXBuildFile; fileRef = B0AF1867582E72DCFB5D3EB3 /* Pods_projectTwo_projectTwoUITests.framework */; };
		8C5C3F6225D6B8EF00796935 /* AppDelegate.swift in Sources */ = {isa = PBXBuildFile; fileRef = 8C5C3F6125D6B8EF00796935 /* AppDelegate.swift */; };
		8C5C3F6425D6B8EF00796935 /* SceneDelegate.swift in Sources */ = {isa = PBXBuildFile; fileRef = 8C5C3F6325D6B8EF00796935 /* SceneDelegate.swift */; };
		8C5C3F6625D6B8EF00796935 /* ViewController.swift in Sources */ = {isa = PBXBuildFile; fileRef = 8C5C3F6525D6B8EF00796935 /* ViewController.swift */; };
		8C5C3F6925D6B8EF00796935 /* Main.storyboard in Resources */ = {isa = PBXBuildFile; fileRef = 8C5C3F6725D6B8EF00796935 /* Main.storyboard */; };
		8C5C3F6B25D6B8F300796935 /* Assets.xcassets in Resources */ = {isa = PBXBuildFile; fileRef = 8C5C3F6A25D6B8F300796935 /* Assets.xcassets */; };
		8C5C3F6E25D6B8F300796935 /* LaunchScreen.storyboard in Resources */ = {isa = PBXBuildFile; fileRef = 8C5C3F6C25D6B8F300796935 /* LaunchScreen.storyboard */; };
		8C5C3F7925D6B8F300796935 /* projectTwoTests.swift in Sources */ = {isa = PBXBuildFile; fileRef = 8C5C3F7825D6B8F300796935 /* projectTwoTests.swift */; };
		8C5C3F8425D6B8F300796935 /* projectTwoUITests.swift in Sources */ = {isa = PBXBuildFile; fileRef = 8C5C3F8325D6B8F300796935 /* projectTwoUITests.swift */; };
		8C5C3F9525D6B9C800796935 /* SignupView.swift in Sources */ = {isa = PBXBuildFile; fileRef = 8C5C3F9425D6B9C800796935 /* SignupView.swift */; };
		8C95307A25E7CE990041178D /* PopUpViewController.swift in Sources */ = {isa = PBXBuildFile; fileRef = 8C95307925E7CE980041178D /* PopUpViewController.swift */; };
		8C95307F25E7CF230041178D /* UserTableViewCell.swift in Sources */ = {isa = PBXBuildFile; fileRef = 8C95307E25E7CF230041178D /* UserTableViewCell.swift */; };
		8C95308425E7CF8B0041178D /* ChooseTableViewCell.swift in Sources */ = {isa = PBXBuildFile; fileRef = 8C95308325E7CF8B0041178D /* ChooseTableViewCell.swift */; };
		8C95308925E7DC6E0041178D /* UserViewController.swift in Sources */ = {isa = PBXBuildFile; fileRef = 8C95308825E7DC6E0041178D /* UserViewController.swift */; };
		8C9778C225E64A6400EC87FC /* AdminViewController.swift in Sources */ = {isa = PBXBuildFile; fileRef = 8C9778C125E64A6400EC87FC /* AdminViewController.swift */; };
		8C9778C725E64B7400EC87FC /* AdminCell.swift in Sources */ = {isa = PBXBuildFile; fileRef = 8C9778C625E64B7400EC87FC /* AdminCell.swift */; };
		8CFE883E25DBA21A0016EB59 /* TableViewController.swift in Sources */ = {isa = PBXBuildFile; fileRef = 8CFE883D25DBA21A0016EB59 /* TableViewController.swift */; };
		8CFE884325DBA2220016EB59 /* TableViewCell.swift in Sources */ = {isa = PBXBuildFile; fileRef = 8CFE884225DBA2220016EB59 /* TableViewCell.swift */; };
		8CFE885025DBF3B10016EB59 /* FeedModel.swift in Sources */ = {isa = PBXBuildFile; fileRef = 8CFE884F25DBF3B10016EB59 /* FeedModel.swift */; };
		8CFE885525DBF3B90016EB59 /* StockModel.swift in Sources */ = {isa = PBXBuildFile; fileRef = 8CFE885425DBF3B90016EB59 /* StockModel.swift */; };
		DD8854DFAE303594B0467C97 /* Pods_projectTwoTests.framework in Frameworks */ = {isa = PBXBuildFile; fileRef = 45054B7083F468AE853910BC /* Pods_projectTwoTests.framework */; };
/* End PBXBuildFile section */

/* Begin PBXContainerItemProxy section */
		8C5C3F7525D6B8F300796935 /* PBXContainerItemProxy */ = {
			isa = PBXContainerItemProxy;
			containerPortal = 8C5C3F5625D6B8EF00796935 /* Project object */;
			proxyType = 1;
			remoteGlobalIDString = 8C5C3F5D25D6B8EF00796935;
			remoteInfo = projectTwo;
		};
		8C5C3F8025D6B8F300796935 /* PBXContainerItemProxy */ = {
			isa = PBXContainerItemProxy;
			containerPortal = 8C5C3F5625D6B8EF00796935 /* Project object */;
			proxyType = 1;
			remoteGlobalIDString = 8C5C3F5D25D6B8EF00796935;
			remoteInfo = projectTwo;
		};
/* End PBXContainerItemProxy section */

/* Begin PBXFileReference section */
		093C271111B5F8AF90FC245F /* Pods_projectTwo.framework */ = {isa = PBXFileReference; explicitFileType = wrapper.framework; includeInIndex = 0; path = Pods_projectTwo.framework; sourceTree = BUILT_PRODUCTS_DIR; };
		207FC15FA45C33EB97D7FBD5 /* Pods-projectTwo.release.xcconfig */ = {isa = PBXFileReference; includeInIndex = 1; lastKnownFileType = text.xcconfig; name = "Pods-projectTwo.release.xcconfig"; path = "Target Support Files/Pods-projectTwo/Pods-projectTwo.release.xcconfig"; sourceTree = "<group>"; };
		37F4F0FD5A2D264F612D39EF /* Pods-projectTwo-projectTwoUITests.release.xcconfig */ = {isa = PBXFileReference; includeInIndex = 1; lastKnownFileType = text.xcconfig; name = "Pods-projectTwo-projectTwoUITests.release.xcconfig"; path = "Target Support Files/Pods-projectTwo-projectTwoUITests/Pods-projectTwo-projectTwoUITests.release.xcconfig"; sourceTree = "<group>"; };
		45054B7083F468AE853910BC /* Pods_projectTwoTests.framework */ = {isa = PBXFileReference; explicitFileType = wrapper.framework; includeInIndex = 0; path = Pods_projectTwoTests.framework; sourceTree = BUILT_PRODUCTS_DIR; };
		4D1507CA131F0F992A560D4B /* Pods-projectTwoTests.debug.xcconfig */ = {isa = PBXFileReference; includeInIndex = 1; lastKnownFileType = text.xcconfig; name = "Pods-projectTwoTests.debug.xcconfig"; path = "Target Support Files/Pods-projectTwoTests/Pods-projectTwoTests.debug.xcconfig"; sourceTree = "<group>"; };
		7DF9E8995F7B5F613978A34F /* Pods-projectTwo-projectTwoUITests.debug.xcconfig */ = {isa = PBXFileReference; includeInIndex = 1; lastKnownFileType = text.xcconfig; name = "Pods-projectTwo-projectTwoUITests.debug.xcconfig"; path = "Target Support Files/Pods-projectTwo-projectTwoUITests/Pods-projectTwo-projectTwoUITests.debug.xcconfig"; sourceTree = "<group>"; };
		8C5C3F5E25D6B8EF00796935 /* projectTwo.app */ = {isa = PBXFileReference; explicitFileType = wrapper.application; includeInIndex = 0; path = projectTwo.app; sourceTree = BUILT_PRODUCTS_DIR; };
		8C5C3F6125D6B8EF00796935 /* AppDelegate.swift */ = {isa = PBXFileReference; lastKnownFileType = sourcecode.swift; path = AppDelegate.swift; sourceTree = "<group>"; };
		8C5C3F6325D6B8EF00796935 /* SceneDelegate.swift */ = {isa = PBXFileReference; lastKnownFileType = sourcecode.swift; path = SceneDelegate.swift; sourceTree = "<group>"; };
		8C5C3F6525D6B8EF00796935 /* ViewController.swift */ = {isa = PBXFileReference; lastKnownFileType = sourcecode.swift; path = ViewController.swift; sourceTree = "<group>"; };
		8C5C3F6825D6B8EF00796935 /* Base */ = {isa = PBXFileReference; lastKnownFileType = file.storyboard; name = Base; path = Base.lproj/Main.storyboard; sourceTree = "<group>"; };
		8C5C3F6A25D6B8F300796935 /* Assets.xcassets */ = {isa = PBXFileReference; lastKnownFileType = folder.assetcatalog; path = Assets.xcassets; sourceTree = "<group>"; };
		8C5C3F6D25D6B8F300796935 /* Base */ = {isa = PBXFileReference; lastKnownFileType = file.storyboard; name = Base; path = Base.lproj/LaunchScreen.storyboard; sourceTree = "<group>"; };
		8C5C3F6F25D6B8F300796935 /* Info.plist */ = {isa = PBXFileReference; lastKnownFileType = text.plist.xml; path = Info.plist; sourceTree = "<group>"; };
		8C5C3F7425D6B8F300796935 /* projectTwoTests.xctest */ = {isa = PBXFileReference; explicitFileType = wrapper.cfbundle; includeInIndex = 0; path = projectTwoTests.xctest; sourceTree = BUILT_PRODUCTS_DIR; };
		8C5C3F7825D6B8F300796935 /* projectTwoTests.swift */ = {isa = PBXFileReference; lastKnownFileType = sourcecode.swift; path = projectTwoTests.swift; sourceTree = "<group>"; };
		8C5C3F7A25D6B8F300796935 /* Info.plist */ = {isa = PBXFileReference; lastKnownFileType = text.plist.xml; path = Info.plist; sourceTree = "<group>"; };
		8C5C3F7F25D6B8F300796935 /* projectTwoUITests.xctest */ = {isa = PBXFileReference; explicitFileType = wrapper.cfbundle; includeInIndex = 0; path = projectTwoUITests.xctest; sourceTree = BUILT_PRODUCTS_DIR; };
		8C5C3F8325D6B8F300796935 /* projectTwoUITests.swift */ = {isa = PBXFileReference; lastKnownFileType = sourcecode.swift; path = projectTwoUITests.swift; sourceTree = "<group>"; };
		8C5C3F8525D6B8F300796935 /* Info.plist */ = {isa = PBXFileReference; lastKnownFileType = text.plist.xml; path = Info.plist; sourceTree = "<group>"; };
		8C5C3F9425D6B9C800796935 /* SignupView.swift */ = {isa = PBXFileReference; lastKnownFileType = sourcecode.swift; path = SignupView.swift; sourceTree = "<group>"; };
		8C95307925E7CE980041178D /* PopUpViewController.swift */ = {isa = PBXFileReference; fileEncoding = 4; lastKnownFileType = sourcecode.swift; path = PopUpViewController.swift; sourceTree = "<group>"; };
		8C95307E25E7CF230041178D /* UserTableViewCell.swift */ = {isa = PBXFileReference; fileEncoding = 4; lastKnownFileType = sourcecode.swift; path = UserTableViewCell.swift; sourceTree = "<group>"; };
		8C95308325E7CF8B0041178D /* ChooseTableViewCell.swift */ = {isa = PBXFileReference; lastKnownFileType = sourcecode.swift; path = ChooseTableViewCell.swift; sourceTree = "<group>"; };
		8C95308825E7DC6E0041178D /* UserViewController.swift */ = {isa = PBXFileReference; lastKnownFileType = sourcecode.swift; path = UserViewController.swift; sourceTree = "<group>"; };
		8C9778C125E64A6400EC87FC /* AdminViewController.swift */ = {isa = PBXFileReference; lastKnownFileType = sourcecode.swift; path = AdminViewController.swift; sourceTree = "<group>"; };
		8C9778C625E64B7400EC87FC /* AdminCell.swift */ = {isa = PBXFileReference; lastKnownFileType = sourcecode.swift; path = AdminCell.swift; sourceTree = "<group>"; };
		8CFE883D25DBA21A0016EB59 /* TableViewController.swift */ = {isa = PBXFileReference; fileEncoding = 4; lastKnownFileType = sourcecode.swift; path = TableViewController.swift; sourceTree = "<group>"; };
		8CFE884225DBA2220016EB59 /* TableViewCell.swift */ = {isa = PBXFileReference; fileEncoding = 4; lastKnownFileType = sourcecode.swift; path = TableViewCell.swift; sourceTree = "<group>"; };
		8CFE884F25DBF3B10016EB59 /* FeedModel.swift */ = {isa = PBXFileReference; fileEncoding = 4; lastKnownFileType = sourcecode.swift; path = FeedModel.swift; sourceTree = "<group>"; };
		8CFE885425DBF3B90016EB59 /* StockModel.swift */ = {isa = PBXFileReference; fileEncoding = 4; lastKnownFileType = sourcecode.swift; path = StockModel.swift; sourceTree = "<group>"; };
		A35572259BD1B28D2D9EB374 /* Pods-projectTwoTests.release.xcconfig */ = {isa = PBXFileReference; includeInIndex = 1; lastKnownFileType = text.xcconfig; name = "Pods-projectTwoTests.release.xcconfig"; path = "Target Support Files/Pods-projectTwoTests/Pods-projectTwoTests.release.xcconfig"; sourceTree = "<group>"; };
		AD5B5D58B33CB407C1BC4A4D /* Pods-projectTwo.debug.xcconfig */ = {isa = PBXFileReference; includeInIndex = 1; lastKnownFileType = text.xcconfig; name = "Pods-projectTwo.debug.xcconfig"; path = "Target Support Files/Pods-projectTwo/Pods-projectTwo.debug.xcconfig"; sourceTree = "<group>"; };
		B0AF1867582E72DCFB5D3EB3 /* Pods_projectTwo_projectTwoUITests.framework */ = {isa = PBXFileReference; explicitFileType = wrapper.framework; includeInIndex = 0; path = Pods_projectTwo_projectTwoUITests.framework; sourceTree = BUILT_PRODUCTS_DIR; };
/* End PBXFileReference section */

/* Begin PBXFrameworksBuildPhase section */
		8C5C3F5B25D6B8EF00796935 /* Frameworks */ = {
			isa = PBXFrameworksBuildPhase;
			buildActionMask = 2147483647;
			files = (
				13508CF05FD27F73CA35CE9E /* Pods_projectTwo.framework in Frameworks */,
			);
			runOnlyForDeploymentPostprocessing = 0;
		};
		8C5C3F7125D6B8F300796935 /* Frameworks */ = {
			isa = PBXFrameworksBuildPhase;
			buildActionMask = 2147483647;
			files = (
				DD8854DFAE303594B0467C97 /* Pods_projectTwoTests.framework in Frameworks */,
			);
			runOnlyForDeploymentPostprocessing = 0;
		};
		8C5C3F7C25D6B8F300796935 /* Frameworks */ = {
			isa = PBXFrameworksBuildPhase;
			buildActionMask = 2147483647;
			files = (
				83E2DED447F2B6574BA4FBC5 /* Pods_projectTwo_projectTwoUITests.framework in Frameworks */,
			);
			runOnlyForDeploymentPostprocessing = 0;
		};
/* End PBXFrameworksBuildPhase section */

/* Begin PBXGroup section */
		5120A2330E3B77D1FAF38D69 /* Pods */ = {
			isa = PBXGroup;
			children = (
				AD5B5D58B33CB407C1BC4A4D /* Pods-projectTwo.debug.xcconfig */,
				207FC15FA45C33EB97D7FBD5 /* Pods-projectTwo.release.xcconfig */,
				7DF9E8995F7B5F613978A34F /* Pods-projectTwo-projectTwoUITests.debug.xcconfig */,
				37F4F0FD5A2D264F612D39EF /* Pods-projectTwo-projectTwoUITests.release.xcconfig */,
				4D1507CA131F0F992A560D4B /* Pods-projectTwoTests.debug.xcconfig */,
				A35572259BD1B28D2D9EB374 /* Pods-projectTwoTests.release.xcconfig */,
			);
			path = Pods;
			sourceTree = "<group>";
		};
		7A96DA1A3558DC9D87C30AED /* Frameworks */ = {
			isa = PBXGroup;
			children = (
				093C271111B5F8AF90FC245F /* Pods_projectTwo.framework */,
				B0AF1867582E72DCFB5D3EB3 /* Pods_projectTwo_projectTwoUITests.framework */,
				45054B7083F468AE853910BC /* Pods_projectTwoTests.framework */,
			);
			name = Frameworks;
			sourceTree = "<group>";
		};
		8C5C3F5525D6B8EF00796935 = {
			isa = PBXGroup;
			children = (
				8C5C3F6025D6B8EF00796935 /* projectTwo */,
				8C5C3F7725D6B8F300796935 /* projectTwoTests */,
				8C5C3F8225D6B8F300796935 /* projectTwoUITests */,
				8C5C3F5F25D6B8EF00796935 /* Products */,
				5120A2330E3B77D1FAF38D69 /* Pods */,
				7A96DA1A3558DC9D87C30AED /* Frameworks */,
			);
			sourceTree = "<group>";
		};
		8C5C3F5F25D6B8EF00796935 /* Products */ = {
			isa = PBXGroup;
			children = (
				8C5C3F5E25D6B8EF00796935 /* projectTwo.app */,
				8C5C3F7425D6B8F300796935 /* projectTwoTests.xctest */,
				8C5C3F7F25D6B8F300796935 /* projectTwoUITests.xctest */,
			);
			name = Products;
			sourceTree = "<group>";
		};
		8C5C3F6025D6B8EF00796935 /* projectTwo */ = {
			isa = PBXGroup;
			children = (
				8C5C3F6125D6B8EF00796935 /* AppDelegate.swift */,
				8C5C3F6325D6B8EF00796935 /* SceneDelegate.swift */,
				8C5C3F6525D6B8EF00796935 /* ViewController.swift */,
				8C5C3F6725D6B8EF00796935 /* Main.storyboard */,
				8C5C3F6A25D6B8F300796935 /* Assets.xcassets */,
				8C5C3F6C25D6B8F300796935 /* LaunchScreen.storyboard */,
				8C5C3F6F25D6B8F300796935 /* Info.plist */,
				8C5C3F9425D6B9C800796935 /* SignupView.swift */,
				8CFE883D25DBA21A0016EB59 /* TableViewController.swift */,
				8CFE884225DBA2220016EB59 /* TableViewCell.swift */,
				8CFE884F25DBF3B10016EB59 /* FeedModel.swift */,
				8CFE885425DBF3B90016EB59 /* StockModel.swift */,
				8C9778C125E64A6400EC87FC /* AdminViewController.swift */,
				8C9778C625E64B7400EC87FC /* AdminCell.swift */,
				8C95307925E7CE980041178D /* PopUpViewController.swift */,
				8C95307E25E7CF230041178D /* UserTableViewCell.swift */,
				8C95308325E7CF8B0041178D /* ChooseTableViewCell.swift */,
				8C95308825E7DC6E0041178D /* UserViewController.swift */,
			);
			path = projectTwo;
			sourceTree = "<group>";
		};
		8C5C3F7725D6B8F300796935 /* projectTwoTests */ = {
			isa = PBXGroup;
			children = (
				8C5C3F7825D6B8F300796935 /* projectTwoTests.swift */,
				8C5C3F7A25D6B8F300796935 /* Info.plist */,
			);
			path = projectTwoTests;
			sourceTree = "<group>";
		};
		8C5C3F8225D6B8F300796935 /* projectTwoUITests */ = {
			isa = PBXGroup;
			children = (
				8C5C3F8325D6B8F300796935 /* projectTwoUITests.swift */,
				8C5C3F8525D6B8F300796935 /* Info.plist */,
			);
			path = projectTwoUITests;
			sourceTree = "<group>";
		};
/* End PBXGroup section */

/* Begin PBXNativeTarget section */
		8C5C3F5D25D6B8EF00796935 /* projectTwo */ = {
			isa = PBXNativeTarget;
			buildConfigurationList = 8C5C3F8825D6B8F300796935 /* Build configuration list for PBXNativeTarget "projectTwo" */;
			buildPhases = (
				1E1D734C1247C7FC2D03DB5A /* [CP] Check Pods Manifest.lock */,
				8C5C3F5A25D6B8EF00796935 /* Sources */,
				8C5C3F5B25D6B8EF00796935 /* Frameworks */,
				8C5C3F5C25D6B8EF00796935 /* Resources */,
				0B663BE2E9FFC281E1FF2D35 /* [CP] Embed Pods Frameworks */,
			);
			buildRules = (
			);
			dependencies = (
			);
			name = projectTwo;
			productName = projectTwo;
			productReference = 8C5C3F5E25D6B8EF00796935 /* projectTwo.app */;
			productType = "com.apple.product-type.application";
		};
		8C5C3F7325D6B8F300796935 /* projectTwoTests */ = {
			isa = PBXNativeTarget;
			buildConfigurationList = 8C5C3F8B25D6B8F300796935 /* Build configuration list for PBXNativeTarget "projectTwoTests" */;
			buildPhases = (
				DFA1233CA7D31153722EB3F4 /* [CP] Check Pods Manifest.lock */,
				8C5C3F7025D6B8F300796935 /* Sources */,
				8C5C3F7125D6B8F300796935 /* Frameworks */,
				8C5C3F7225D6B8F300796935 /* Resources */,
			);
			buildRules = (
			);
			dependencies = (
				8C5C3F7625D6B8F300796935 /* PBXTargetDependency */,
			);
			name = projectTwoTests;
			productName = projectTwoTests;
			productReference = 8C5C3F7425D6B8F300796935 /* projectTwoTests.xctest */;
			productType = "com.apple.product-type.bundle.unit-test";
		};
		8C5C3F7E25D6B8F300796935 /* projectTwoUITests */ = {
			isa = PBXNativeTarget;
			buildConfigurationList = 8C5C3F8E25D6B8F300796935 /* Build configuration list for PBXNativeTarget "projectTwoUITests" */;
			buildPhases = (
				DEB4EC72DDAEF0F84E1F8093 /* [CP] Check Pods Manifest.lock */,
				8C5C3F7B25D6B8F300796935 /* Sources */,
				8C5C3F7C25D6B8F300796935 /* Frameworks */,
				8C5C3F7D25D6B8F300796935 /* Resources */,
				4658763294962D3932CDD548 /* [CP] Embed Pods Frameworks */,
			);
			buildRules = (
			);
			dependencies = (
				8C5C3F8125D6B8F300796935 /* PBXTargetDependency */,
			);
			name = projectTwoUITests;
			productName = projectTwoUITests;
			productReference = 8C5C3F7F25D6B8F300796935 /* projectTwoUITests.xctest */;
			productType = "com.apple.product-type.bundle.ui-testing";
		};
/* End PBXNativeTarget section */

/* Begin PBXProject section */
		8C5C3F5625D6B8EF00796935 /* Project object */ = {
			isa = PBXProject;
			attributes = {
				LastSwiftUpdateCheck = 1240;
				LastUpgradeCheck = 1240;
				TargetAttributes = {
					8C5C3F5D25D6B8EF00796935 = {
						CreatedOnToolsVersion = 12.4;
					};
					8C5C3F7325D6B8F300796935 = {
						CreatedOnToolsVersion = 12.4;
						TestTargetID = 8C5C3F5D25D6B8EF00796935;
					};
					8C5C3F7E25D6B8F300796935 = {
						CreatedOnToolsVersion = 12.4;
						TestTargetID = 8C5C3F5D25D6B8EF00796935;
					};
				};
			};
			buildConfigurationList = 8C5C3F5925D6B8EF00796935 /* Build configuration list for PBXProject "projectTwo" */;
			compatibilityVersion = "Xcode 9.3";
			developmentRegion = en;
			hasScannedForEncodings = 0;
			knownRegions = (
				en,
				Base,
			);
			mainGroup = 8C5C3F5525D6B8EF00796935;
			productRefGroup = 8C5C3F5F25D6B8EF00796935 /* Products */;
			projectDirPath = "";
			projectRoot = "";
			targets = (
				8C5C3F5D25D6B8EF00796935 /* projectTwo */,
				8C5C3F7325D6B8F300796935 /* projectTwoTests */,
				8C5C3F7E25D6B8F300796935 /* projectTwoUITests */,
			);
		};
/* End PBXProject section */

/* Begin PBXResourcesBuildPhase section */
		8C5C3F5C25D6B8EF00796935 /* Resources */ = {
			isa = PBXResourcesBuildPhase;
			buildActionMask = 2147483647;
			files = (
				8C5C3F6E25D6B8F300796935 /* LaunchScreen.storyboard in Resources */,
				8C5C3F6B25D6B8F300796935 /* Assets.xcassets in Resources */,
				8C5C3F6925D6B8EF00796935 /* Main.storyboard in Resources */,
			);
			runOnlyForDeploymentPostprocessing = 0;
		};
		8C5C3F7225D6B8F300796935 /* Resources */ = {
			isa = PBXResourcesBuildPhase;
			buildActionMask = 2147483647;
			files = (
			);
			runOnlyForDeploymentPostprocessing = 0;
		};
		8C5C3F7D25D6B8F300796935 /* Resources */ = {
			isa = PBXResourcesBuildPhase;
			buildActionMask = 2147483647;
			files = (
			);
			runOnlyForDeploymentPostprocessing = 0;
		};
/* End PBXResourcesBuildPhase section */

/* Begin PBXShellScriptBuildPhase section */
		0B663BE2E9FFC281E1FF2D35 /* [CP] Embed Pods Frameworks */ = {
			isa = PBXShellScriptBuildPhase;
			buildActionMask = 2147483647;
			files = (
			);
			inputFileListPaths = (
				"${PODS_ROOT}/Target Support Files/Pods-projectTwo/Pods-projectTwo-frameworks-${CONFIGURATION}-input-files.xcfilelist",
			);
			name = "[CP] Embed Pods Frameworks";
			outputFileListPaths = (
				"${PODS_ROOT}/Target Support Files/Pods-projectTwo/Pods-projectTwo-frameworks-${CONFIGURATION}-output-files.xcfilelist",
			);
			runOnlyForDeploymentPostprocessing = 0;
			shellPath = /bin/sh;
			shellScript = "\"${PODS_ROOT}/Target Support Files/Pods-projectTwo/Pods-projectTwo-frameworks.sh\"\n";
			showEnvVarsInLog = 0;
		};
		1E1D734C1247C7FC2D03DB5A /* [CP] Check Pods Manifest.lock */ = {
			isa = PBXShellScriptBuildPhase;
			buildActionMask = 2147483647;
			files = (
			);
			inputFileListPaths = (
			);
			inputPaths = (
				"${PODS_PODFILE_DIR_PATH}/Podfile.lock",
				"${PODS_ROOT}/Manifest.lock",
			);
			name = "[CP] Check Pods Manifest.lock";
			outputFileListPaths = (
			);
			outputPaths = (
				"$(DERIVED_FILE_DIR)/Pods-projectTwo-checkManifestLockResult.txt",
			);
			runOnlyForDeploymentPostprocessing = 0;
			shellPath = /bin/sh;
			shellScript = "diff \"${PODS_PODFILE_DIR_PATH}/Podfile.lock\" \"${PODS_ROOT}/Manifest.lock\" > /dev/null\nif [ $? != 0 ] ; then\n    # print error to STDERR\n    echo \"error: The sandbox is not in sync with the Podfile.lock. Run 'pod install' or update your CocoaPods installation.\" >&2\n    exit 1\nfi\n# This output is used by Xcode 'outputs' to avoid re-running this script phase.\necho \"SUCCESS\" > \"${SCRIPT_OUTPUT_FILE_0}\"\n";
			showEnvVarsInLog = 0;
		};
		4658763294962D3932CDD548 /* [CP] Embed Pods Frameworks */ = {
			isa = PBXShellScriptBuildPhase;
			buildActionMask = 2147483647;
			files = (
			);
			inputFileListPaths = (
				"${PODS_ROOT}/Target Support Files/Pods-projectTwo-projectTwoUITests/Pods-projectTwo-projectTwoUITests-frameworks-${CONFIGURATION}-input-files.xcfilelist",
			);
			name = "[CP] Embed Pods Frameworks";
			outputFileListPaths = (
				"${PODS_ROOT}/Target Support Files/Pods-projectTwo-projectTwoUITests/Pods-projectTwo-projectTwoUITests-frameworks-${CONFIGURATION}-output-files.xcfilelist",
			);
			runOnlyForDeploymentPostprocessing = 0;
			shellPath = /bin/sh;
			shellScript = "\"${PODS_ROOT}/Target Support Files/Pods-projectTwo-projectTwoUITests/Pods-projectTwo-projectTwoUITests-frameworks.sh\"\n";
			showEnvVarsInLog = 0;
		};
		DEB4EC72DDAEF0F84E1F8093 /* [CP] Check Pods Manifest.lock */ = {
			isa = PBXShellScriptBuildPhase;
			buildActionMask = 2147483647;
			files = (
			);
			inputFileListPaths = (
			);
			inputPaths = (
				"${PODS_PODFILE_DIR_PATH}/Podfile.lock",
				"${PODS_ROOT}/Manifest.lock",
			);
			name = "[CP] Check Pods Manifest.lock";
			outputFileListPaths = (
			);
			outputPaths = (
				"$(DERIVED_FILE_DIR)/Pods-projectTwo-projectTwoUITests-checkManifestLockResult.txt",
			);
			runOnlyForDeploymentPostprocessing = 0;
			shellPath = /bin/sh;
			shellScript = "diff \"${PODS_PODFILE_DIR_PATH}/Podfile.lock\" \"${PODS_ROOT}/Manifest.lock\" > /dev/null\nif [ $? != 0 ] ; then\n    # print error to STDERR\n    echo \"error: The sandbox is not in sync with the Podfile.lock. Run 'pod install' or update your CocoaPods installation.\" >&2\n    exit 1\nfi\n# This output is used by Xcode 'outputs' to avoid re-running this script phase.\necho \"SUCCESS\" > \"${SCRIPT_OUTPUT_FILE_0}\"\n";
			showEnvVarsInLog = 0;
		};
		DFA1233CA7D31153722EB3F4 /* [CP] Check Pods Manifest.lock */ = {
			isa = PBXShellScriptBuildPhase;
			buildActionMask = 2147483647;
			files = (
			);
			inputFileListPaths = (
			);
			inputPaths = (
				"${PODS_PODFILE_DIR_PATH}/Podfile.lock",
				"${PODS_ROOT}/Manifest.lock",
			);
			name = "[CP] Check Pods Manifest.lock";
			outputFileListPaths = (
			);
			outputPaths = (
				"$(DERIVED_FILE_DIR)/Pods-projectTwoTests-checkManifestLockResult.txt",
			);
			runOnlyForDeploymentPostprocessing = 0;
			shellPath = /bin/sh;
			shellScript = "diff \"${PODS_PODFILE_DIR_PATH}/Podfile.lock\" \"${PODS_ROOT}/Manifest.lock\" > /dev/null\nif [ $? != 0 ] ; then\n    # print error to STDERR\n    echo \"error: The sandbox is not in sync with the Podfile.lock. Run 'pod install' or update your CocoaPods installation.\" >&2\n    exit 1\nfi\n# This output is used by Xcode 'outputs' to avoid re-running this script phase.\necho \"SUCCESS\" > \"${SCRIPT_OUTPUT_FILE_0}\"\n";
			showEnvVarsInLog = 0;
		};
/* End PBXShellScriptBuildPhase section */

/* Begin PBXSourcesBuildPhase section */
		8C5C3F5A25D6B8EF00796935 /* Sources */ = {
			isa = PBXSourcesBuildPhase;
			buildActionMask = 2147483647;
			files = (
				8C9778C225E64A6400EC87FC /* AdminViewController.swift in Sources */,
				8CFE885525DBF3B90016EB59 /* StockModel.swift in Sources */,
				8C5C3F9525D6B9C800796935 /* SignupView.swift in Sources */,
				8C95307A25E7CE990041178D /* PopUpViewController.swift in Sources */,
				8C95307F25E7CF230041178D /* UserTableViewCell.swift in Sources */,
				8C5C3F6625D6B8EF00796935 /* ViewController.swift in Sources */,
				8C5C3F6225D6B8EF00796935 /* AppDelegate.swift in Sources */,
				8C95308925E7DC6E0041178D /* UserViewController.swift in Sources */,
				8CFE884325DBA2220016EB59 /* TableViewCell.swift in Sources */,
				8CFE885025DBF3B10016EB59 /* FeedModel.swift in Sources */,
				8C95308425E7CF8B0041178D /* ChooseTableViewCell.swift in Sources */,
				8C9778C725E64B7400EC87FC /* AdminCell.swift in Sources */,
				8CFE883E25DBA21A0016EB59 /* TableViewController.swift in Sources */,
				8C5C3F6425D6B8EF00796935 /* SceneDelegate.swift in Sources */,
			);
			runOnlyForDeploymentPostprocessing = 0;
		};
		8C5C3F7025D6B8F300796935 /* Sources */ = {
			isa = PBXSourcesBuildPhase;
			buildActionMask = 2147483647;
			files = (
				8C5C3F7925D6B8F300796935 /* projectTwoTests.swift in Sources */,
			);
			runOnlyForDeploymentPostprocessing = 0;
		};
		8C5C3F7B25D6B8F300796935 /* Sources */ = {
			isa = PBXSourcesBuildPhase;
			buildActionMask = 2147483647;
			files = (
				8C5C3F8425D6B8F300796935 /* projectTwoUITests.swift in Sources */,
			);
			runOnlyForDeploymentPostprocessing = 0;
		};
/* End PBXSourcesBuildPhase section */

/* Begin PBXTargetDependency section */
		8C5C3F7625D6B8F300796935 /* PBXTargetDependency */ = {
			isa = PBXTargetDependency;
			target = 8C5C3F5D25D6B8EF00796935 /* projectTwo */;
			targetProxy = 8C5C3F7525D6B8F300796935 /* PBXContainerItemProxy */;
		};
		8C5C3F8125D6B8F300796935 /* PBXTargetDependency */ = {
			isa = PBXTargetDependency;
			target = 8C5C3F5D25D6B8EF00796935 /* projectTwo */;
			targetProxy = 8C5C3F8025D6B8F300796935 /* PBXContainerItemProxy */;
		};
/* End PBXTargetDependency section */

/* Begin PBXVariantGroup section */
		8C5C3F6725D6B8EF00796935 /* Main.storyboard */ = {
			isa = PBXVariantGroup;
			children = (
				8C5C3F6825D6B8EF00796935 /* Base */,
			);
			name = Main.storyboard;
			sourceTree = "<group>";
		};
		8C5C3F6C25D6B8F300796935 /* LaunchScreen.storyboard */ = {
			isa = PBXVariantGroup;
			children = (
				8C5C3F6D25D6B8F300796935 /* Base */,
			);
			name = LaunchScreen.storyboard;
			sourceTree = "<group>";
		};
/* End PBXVariantGroup section */

/* Begin XCBuildConfiguration section */
		8C5C3F8625D6B8F300796935 /* Debug */ = {
			isa = XCBuildConfiguration;
			buildSettings = {
				ALWAYS_SEARCH_USER_PATHS = NO;
				CLANG_ANALYZER_NONNULL = YES;
				CLANG_ANALYZER_NUMBER_OBJECT_CONVERSION = YES_AGGRESSIVE;
				CLANG_CXX_LANGUAGE_STANDARD = "gnu++14";
				CLANG_CXX_LIBRARY = "libc++";
				CLANG_ENABLE_MODULES = YES;
				CLANG_ENABLE_OBJC_ARC = YES;
				CLANG_ENABLE_OBJC_WEAK = YES;
				CLANG_WARN_BLOCK_CAPTURE_AUTORELEASING = YES;
				CLANG_WARN_BOOL_CONVERSION = YES;
				CLANG_WARN_COMMA = YES;
				CLANG_WARN_CONSTANT_CONVERSION = YES;
				CLANG_WARN_DEPRECATED_OBJC_IMPLEMENTATIONS = YES;
				CLANG_WARN_DIRECT_OBJC_ISA_USAGE = YES_ERROR;
				CLANG_WARN_DOCUMENTATION_COMMENTS = YES;
				CLANG_WARN_EMPTY_BODY = YES;
				CLANG_WARN_ENUM_CONVERSION = YES;
				CLANG_WARN_INFINITE_RECURSION = YES;
				CLANG_WARN_INT_CONVERSION = YES;
				CLANG_WARN_NON_LITERAL_NULL_CONVERSION = YES;
				CLANG_WARN_OBJC_IMPLICIT_RETAIN_SELF = YES;
				CLANG_WARN_OBJC_LITERAL_CONVERSION = YES;
				CLANG_WARN_OBJC_ROOT_CLASS = YES_ERROR;
				CLANG_WARN_QUOTED_INCLUDE_IN_FRAMEWORK_HEADER = YES;
				CLANG_WARN_RANGE_LOOP_ANALYSIS = YES;
				CLANG_WARN_STRICT_PROTOTYPES = YES;
				CLANG_WARN_SUSPICIOUS_MOVE = YES;
				CLANG_WARN_UNGUARDED_AVAILABILITY = YES_AGGRESSIVE;
				CLANG_WARN_UNREACHABLE_CODE = YES;
				CLANG_WARN__DUPLICATE_METHOD_MATCH = YES;
				COPY_PHASE_STRIP = NO;
				DEBUG_INFORMATION_FORMAT = dwarf;
				ENABLE_STRICT_OBJC_MSGSEND = YES;
				ENABLE_TESTABILITY = YES;
				GCC_C_LANGUAGE_STANDARD = gnu11;
				GCC_DYNAMIC_NO_PIC = NO;
				GCC_NO_COMMON_BLOCKS = YES;
				GCC_OPTIMIZATION_LEVEL = 0;
				GCC_PREPROCESSOR_DEFINITIONS = (
					"DEBUG=1",
					"$(inherited)",
				);
				GCC_WARN_64_TO_32_BIT_CONVERSION = YES;
				GCC_WARN_ABOUT_RETURN_TYPE = YES_ERROR;
				GCC_WARN_UNDECLARED_SELECTOR = YES;
				GCC_WARN_UNINITIALIZED_AUTOS = YES_AGGRESSIVE;
				GCC_WARN_UNUSED_FUNCTION = YES;
				GCC_WARN_UNUSED_VARIABLE = YES;
				IPHONEOS_DEPLOYMENT_TARGET = 14.4;
				MTL_ENABLE_DEBUG_INFO = INCLUDE_SOURCE;
				MTL_FAST_MATH = YES;
				ONLY_ACTIVE_ARCH = YES;
				SDKROOT = iphoneos;
				SWIFT_ACTIVE_COMPILATION_CONDITIONS = DEBUG;
				SWIFT_OPTIMIZATION_LEVEL = "-Onone";
			};
			name = Debug;
		};
		8C5C3F8725D6B8F300796935 /* Release */ = {
			isa = XCBuildConfiguration;
			buildSettings = {
				ALWAYS_SEARCH_USER_PATHS = NO;
				CLANG_ANALYZER_NONNULL = YES;
				CLANG_ANALYZER_NUMBER_OBJECT_CONVERSION = YES_AGGRESSIVE;
				CLANG_CXX_LANGUAGE_STANDARD = "gnu++14";
				CLANG_CXX_LIBRARY = "libc++";
				CLANG_ENABLE_MODULES = YES;
				CLANG_ENABLE_OBJC_ARC = YES;
				CLANG_ENABLE_OBJC_WEAK = YES;
				CLANG_WARN_BLOCK_CAPTURE_AUTORELEASING = YES;
				CLANG_WARN_BOOL_CONVERSION = YES;
				CLANG_WARN_COMMA = YES;
				CLANG_WARN_CONSTANT_CONVERSION = YES;
				CLANG_WARN_DEPRECATED_OBJC_IMPLEMENTATIONS = YES;
				CLANG_WARN_DIRECT_OBJC_ISA_USAGE = YES_ERROR;
				CLANG_WARN_DOCUMENTATION_COMMENTS = YES;
				CLANG_WARN_EMPTY_BODY = YES;
				CLANG_WARN_ENUM_CONVERSION = YES;
				CLANG_WARN_INFINITE_RECURSION = YES;
				CLANG_WARN_INT_CONVERSION = YES;
				CLANG_WARN_NON_LITERAL_NULL_CONVERSION = YES;
				CLANG_WARN_OBJC_IMPLICIT_RETAIN_SELF = YES;
				CLANG_WARN_OBJC_LITERAL_CONVERSION = YES;
				CLANG_WARN_OBJC_ROOT_CLASS = YES_ERROR;
				CLANG_WARN_QUOTED_INCLUDE_IN_FRAMEWORK_HEADER = YES;
				CLANG_WARN_RANGE_LOOP_ANALYSIS = YES;
				CLANG_WARN_STRICT_PROTOTYPES = YES;
				CLANG_WARN_SUSPICIOUS_MOVE = YES;
				CLANG_WARN_UNGUARDED_AVAILABILITY = YES_AGGRESSIVE;
				CLANG_WARN_UNREACHABLE_CODE = YES;
				CLANG_WARN__DUPLICATE_METHOD_MATCH = YES;
				COPY_PHASE_STRIP = NO;
				DEBUG_INFORMATION_FORMAT = "dwarf-with-dsym";
				ENABLE_NS_ASSERTIONS = NO;
				ENABLE_STRICT_OBJC_MSGSEND = YES;
				GCC_C_LANGUAGE_STANDARD = gnu11;
				GCC_NO_COMMON_BLOCKS = YES;
				GCC_WARN_64_TO_32_BIT_CONVERSION = YES;
				GCC_WARN_ABOUT_RETURN_TYPE = YES_ERROR;
				GCC_WARN_UNDECLARED_SELECTOR = YES;
				GCC_WARN_UNINITIALIZED_AUTOS = YES_AGGRESSIVE;
				GCC_WARN_UNUSED_FUNCTION = YES;
				GCC_WARN_UNUSED_VARIABLE = YES;
				IPHONEOS_DEPLOYMENT_TARGET = 14.4;
				MTL_ENABLE_DEBUG_INFO = NO;
				MTL_FAST_MATH = YES;
				SDKROOT = iphoneos;
				SWIFT_COMPILATION_MODE = wholemodule;
				SWIFT_OPTIMIZATION_LEVEL = "-O";
				VALIDATE_PRODUCT = YES;
			};
			name = Release;
		};
		8C5C3F8925D6B8F300796935 /* Debug */ = {
			isa = XCBuildConfiguration;
			baseConfigurationReference = AD5B5D58B33CB407C1BC4A4D /* Pods-projectTwo.debug.xcconfig */;
			buildSettings = {
				ASSETCATALOG_COMPILER_APPICON_NAME = AppIcon;
				ASSETCATALOG_COMPILER_GLOBAL_ACCENT_COLOR_NAME = AccentColor;
				CODE_SIGN_STYLE = Automatic;
				INFOPLIST_FILE = projectTwo/Info.plist;
				LD_RUNPATH_SEARCH_PATHS = (
					"$(inherited)",
					"@executable_path/Frameworks",
				);
				PRODUCT_BUNDLE_IDENTIFIER = Macapp.projectTwo;
				PRODUCT_NAME = "$(TARGET_NAME)";
				SWIFT_VERSION = 5.0;
				TARGETED_DEVICE_FAMILY = "1,2";
			};
			name = Debug;
		};
		8C5C3F8A25D6B8F300796935 /* Release */ = {
			isa = XCBuildConfiguration;
			baseConfigurationReference = 207FC15FA45C33EB97D7FBD5 /* Pods-projectTwo.release.xcconfig */;
			buildSettings = {
				ASSETCATALOG_COMPILER_APPICON_NAME = AppIcon;
				ASSETCATALOG_COMPILER_GLOBAL_ACCENT_COLOR_NAME = AccentColor;
				CODE_SIGN_STYLE = Automatic;
				INFOPLIST_FILE = projectTwo/Info.plist;
				LD_RUNPATH_SEARCH_PATHS = (
					"$(inherited)",
					"@executable_path/Frameworks",
				);
				PRODUCT_BUNDLE_IDENTIFIER = Macapp.projectTwo;
				PRODUCT_NAME = "$(TARGET_NAME)";
				SWIFT_VERSION = 5.0;
				TARGETED_DEVICE_FAMILY = "1,2";
			};
			name = Release;
		};
		8C5C3F8C25D6B8F300796935 /* Debug */ = {
			isa = XCBuildConfiguration;
			baseConfigurationReference = 4D1507CA131F0F992A560D4B /* Pods-projectTwoTests.debug.xcconfig */;
			buildSettings = {
				ALWAYS_EMBED_SWIFT_STANDARD_LIBRARIES = YES;
				BUNDLE_LOADER = "$(TEST_HOST)";
				CODE_SIGN_STYLE = Automatic;
				INFOPLIST_FILE = projectTwoTests/Info.plist;
				IPHONEOS_DEPLOYMENT_TARGET = 14.4;
				LD_RUNPATH_SEARCH_PATHS = (
					"$(inherited)",
					"@executable_path/Frameworks",
					"@loader_path/Frameworks",
				);
				PRODUCT_BUNDLE_IDENTIFIER = Macapp.projectTwoTests;
				PRODUCT_NAME = "$(TARGET_NAME)";
				SWIFT_VERSION = 5.0;
				TARGETED_DEVICE_FAMILY = "1,2";
				TEST_HOST = "$(BUILT_PRODUCTS_DIR)/projectTwo.app/projectTwo";
			};
			name = Debug;
		};
		8C5C3F8D25D6B8F300796935 /* Release */ = {
			isa = XCBuildConfiguration;
			baseConfigurationReference = A35572259BD1B28D2D9EB374 /* Pods-projectTwoTests.release.xcconfig */;
			buildSettings = {
				ALWAYS_EMBED_SWIFT_STANDARD_LIBRARIES = YES;
				BUNDLE_LOADER = "$(TEST_HOST)";
				CODE_SIGN_STYLE = Automatic;
				INFOPLIST_FILE = projectTwoTests/Info.plist;
				IPHONEOS_DEPLOYMENT_TARGET = 14.4;
				LD_RUNPATH_SEARCH_PATHS = (
					"$(inherited)",
					"@executable_path/Frameworks",
					"@loader_path/Frameworks",
				);
				PRODUCT_BUNDLE_IDENTIFIER = Macapp.projectTwoTests;
				PRODUCT_NAME = "$(TARGET_NAME)";
				SWIFT_VERSION = 5.0;
				TARGETED_DEVICE_FAMILY = "1,2";
				TEST_HOST = "$(BUILT_PRODUCTS_DIR)/projectTwo.app/projectTwo";
			};
			name = Release;
		};
		8C5C3F8F25D6B8F300796935 /* Debug */ = {
			isa = XCBuildConfiguration;
			baseConfigurationReference = 7DF9E8995F7B5F613978A34F /* Pods-projectTwo-projectTwoUITests.debug.xcconfig */;
			buildSettings = {
				ALWAYS_EMBED_SWIFT_STANDARD_LIBRARIES = YES;
				CODE_SIGN_STYLE = Automatic;
				INFOPLIST_FILE = projectTwoUITests/Info.plist;
				LD_RUNPATH_SEARCH_PATHS = (
					"$(inherited)",
					"@executable_path/Frameworks",
					"@loader_path/Frameworks",
				);
				PRODUCT_BUNDLE_IDENTIFIER = Macapp.projectTwoUITests;
				PRODUCT_NAME = "$(TARGET_NAME)";
				SWIFT_VERSION = 5.0;
				TARGETED_DEVICE_FAMILY = "1,2";
				TEST_TARGET_NAME = projectTwo;
			};
			name = Debug;
		};
		8C5C3F9025D6B8F300796935 /* Release */ = {
			isa = XCBuildConfiguration;
			baseConfigurationReference = 37F4F0FD5A2D264F612D39EF /* Pods-projectTwo-projectTwoUITests.release.xcconfig */;
			buildSettings = {
				ALWAYS_EMBED_SWIFT_STANDARD_LIBRARIES = YES;
				CODE_SIGN_STYLE = Automatic;
				INFOPLIST_FILE = projectTwoUITests/Info.plist;
				LD_RUNPATH_SEARCH_PATHS = (
					"$(inherited)",
					"@executable_path/Frameworks",
					"@loader_path/Frameworks",
				);
				PRODUCT_BUNDLE_IDENTIFIER = Macapp.projectTwoUITests;
				PRODUCT_NAME = "$(TARGET_NAME)";
				SWIFT_VERSION = 5.0;
				TARGETED_DEVICE_FAMILY = "1,2";
				TEST_TARGET_NAME = projectTwo;
			};
			name = Release;
		};
/* End XCBuildConfiguration section */

/* Begin XCConfigurationList section */
		8C5C3F5925D6B8EF00796935 /* Build configuration list for PBXProject "projectTwo" */ = {
			isa = XCConfigurationList;
			buildConfigurations = (
				8C5C3F8625D6B8F300796935 /* Debug */,
				8C5C3F8725D6B8F300796935 /* Release */,
			);
			defaultConfigurationIsVisible = 0;
			defaultConfigurationName = Release;
		};
		8C5C3F8825D6B8F300796935 /* Build configuration list for PBXNativeTarget "projectTwo" */ = {
			isa = XCConfigurationList;
			buildConfigurations = (
				8C5C3F8925D6B8F300796935 /* Debug */,
				8C5C3F8A25D6B8F300796935 /* Release */,
			);
			defaultConfigurationIsVisible = 0;
			defaultConfigurationName = Release;
		};
		8C5C3F8B25D6B8F300796935 /* Build configuration list for PBXNativeTarget "projectTwoTests" */ = {
			isa = XCConfigurationList;
			buildConfigurations = (
				8C5C3F8C25D6B8F300796935 /* Debug */,
				8C5C3F8D25D6B8F300796935 /* Release */,
			);
			defaultConfigurationIsVisible = 0;
			defaultConfigurationName = Release;
		};
		8C5C3F8E25D6B8F300796935 /* Build configuration list for PBXNativeTarget "projectTwoUITests" */ = {
			isa = XCConfigurationList;
			buildConfigurations = (
				8C5C3F8F25D6B8F300796935 /* Debug */,
				8C5C3F9025D6B8F300796935 /* Release */,
			);
			defaultConfigurationIsVisible = 0;
			defaultConfigurationName = Release;
		};
/* End XCConfigurationList section */
	};
	rootObject = 8C5C3F5625D6B8EF00796935 /* Project object */;
}
